
Microsoft Visual Studio Solution File, Format Version 12.00
# Visual Studio 2012
Project("{FAE04EC0-301F-11D3-BF4B-00C04F79EFBC}") = "Ripp3r", "Ripp3r\Ripp3r.csproj", "{20D9586E-548C-43AE-B1D2-FF64BE29A8D5}"
EndProject
Project("{FAE04EC0-301F-11D3-BF4B-00C04F79EFBC}") = "DiscUtils", "DiscUtils\DiscUtils.csproj", "{DBB340F9-2386-43C2-A473-FA496CBE07A4}"
EndProject
Project("{FAE04EC0-301F-11D3-BF4B-00C04F79EFBC}") = "ripp3rcon", "ripp3rcon\ripp3rcon.csproj", "{DBD6BC82-B534-4688-B8B0-D881B152E435}"
EndProject
Project("{FAE04EC0-301F-11D3-BF4B-00C04F79EFBC}") = "Ripp3r.k3y", "Ripp3r.k3y\Ripp3r.k3y.csproj", "{E986206D-95AC-45AC-9B84-A8184E781ACB}"
EndProject
Project("{2150E333-8FDC-42A3-9474-1A3956D46DE8}") = "Solution Items", "Solution Items", "{BC199D5E-542E-44AB-9A58-9E54C449CC31}"
	ProjectSection(SolutionItems) = preProject
		Documentation\IRD File Format.pdf = Documentation\IRD File Format.pdf
		Documentation\manual.pdf = Documentation\manual.pdf
	EndProjectSection
EndProject
Project("{FAE04EC0-301F-11D3-BF4B-00C04F79EFBC}") = "NUnrar", "NUnrar\NUnrar.csproj", "{10A689CF-76A2-4A4F-96E4-553C33398438}"
EndProject
Global
	GlobalSection(SolutionConfigurationPlatforms) = preSolution
		Debug|Any CPU = Debug|Any CPU
		Debug|Mixed Platforms = Debug|Mixed Platforms
		Debug|Win32 = Debug|Win32
		Debug|x86 = Debug|x86
		Release (StyleCop)|Any CPU = Release (StyleCop)|Any CPU
		Release (StyleCop)|Mixed Platforms = Release (StyleCop)|Mixed Platforms
		Release (StyleCop)|Win32 = Release (StyleCop)|Win32
		Release (StyleCop)|x86 = Release (StyleCop)|x86
		Release|Any CPU = Release|Any CPU
		Release|Mixed Platforms = Release|Mixed Platforms
		Release|Win32 = Release|Win32
		Release|x86 = Release|x86
		SignedRelease|Any CPU = SignedRelease|Any CPU
		SignedRelease|Mixed Platforms = SignedRelease|Mixed Platforms
		SignedRelease|Win32 = SignedRelease|Win32
		SignedRelease|x86 = SignedRelease|x86
	EndGlobalSection
	GlobalSection(ProjectConfigurationPlatforms) = postSolution
		{20D9586E-548C-43AE-B1D2-FF64BE29A8D5}.Debug|Any CPU.ActiveCfg = Debug|x86
		{20D9586E-548C-43AE-B1D2-FF64BE29A8D5}.Debug|Any CPU.Build.0 = Debug|x86
		{20D9586E-548C-43AE-B1D2-FF64BE29A8D5}.Debug|Mixed Platforms.ActiveCfg = Debug|x86
		{20D9586E-548C-43AE-B1D2-FF64BE29A8D5}.Debug|Mixed Platforms.Build.0 = Debug|x86
		{20D9586E-548C-43AE-B1D2-FF64BE29A8D5}.Debug|Win32.ActiveCfg = Debug|x86
		{20D9586E-548C-43AE-B1D2-FF64BE29A8D5}.Debug|Win32.Build.0 = Debug|x86
		{20D9586E-548C-43AE-B1D2-FF64BE29A8D5}.Debug|x86.ActiveCfg = Debug|x86
		{20D9586E-548C-43AE-B1D2-FF64BE29A8D5}.Debug|x86.Build.0 = Debug|x86
		{20D9586E-548C-43AE-B1D2-FF64BE29A8D5}.Release (StyleCop)|Any CPU.ActiveCfg = Release|x86
		{20D9586E-548C-43AE-B1D2-FF64BE29A8D5}.Release (StyleCop)|Mixed Platforms.ActiveCfg = Release|x86
		{20D9586E-548C-43AE-B1D2-FF64BE29A8D5}.Release (StyleCop)|Mixed Platforms.Build.0 = Release|x86
		{20D9586E-548C-43AE-B1D2-FF64BE29A8D5}.Release (StyleCop)|Win32.ActiveCfg = Release|x86
		{20D9586E-548C-43AE-B1D2-FF64BE29A8D5}.Release (StyleCop)|Win32.Build.0 = Release|x86
		{20D9586E-548C-43AE-B1D2-FF64BE29A8D5}.Release (StyleCop)|x86.ActiveCfg = Release|x86
		{20D9586E-548C-43AE-B1D2-FF64BE29A8D5}.Release (StyleCop)|x86.Build.0 = Release|x86
		{20D9586E-548C-43AE-B1D2-FF64BE29A8D5}.Release|Any CPU.ActiveCfg = Release|x86
		{20D9586E-548C-43AE-B1D2-FF64BE29A8D5}.Release|Any CPU.Build.0 = Release|x86
		{20D9586E-548C-43AE-B1D2-FF64BE29A8D5}.Release|Mixed Platforms.ActiveCfg = Release|x86
		{20D9586E-548C-43AE-B1D2-FF64BE29A8D5}.Release|Mixed Platforms.Build.0 = Release|x86
		{20D9586E-548C-43AE-B1D2-FF64BE29A8D5}.Release|Win32.ActiveCfg = Release|x86
		{20D9586E-548C-43AE-B1D2-FF64BE29A8D5}.Release|Win32.Build.0 = Release|x86
		{20D9586E-548C-43AE-B1D2-FF64BE29A8D5}.Release|x86.ActiveCfg = Release|x86
		{20D9586E-548C-43AE-B1D2-FF64BE29A8D5}.Release|x86.Build.0 = Release|x86
		{20D9586E-548C-43AE-B1D2-FF64BE29A8D5}.SignedRelease|Any CPU.ActiveCfg = Release|x86
		{20D9586E-548C-43AE-B1D2-FF64BE29A8D5}.SignedRelease|Mixed Platforms.ActiveCfg = Release|x86
		{20D9586E-548C-43AE-B1D2-FF64BE29A8D5}.SignedRelease|Mixed Platforms.Build.0 = Release|x86
		{20D9586E-548C-43AE-B1D2-FF64BE29A8D5}.SignedRelease|Win32.ActiveCfg = Release|x86
		{20D9586E-548C-43AE-B1D2-FF64BE29A8D5}.SignedRelease|Win32.Build.0 = Release|x86
		{20D9586E-548C-43AE-B1D2-FF64BE29A8D5}.SignedRelease|x86.ActiveCfg = Release|x86
		{20D9586E-548C-43AE-B1D2-FF64BE29A8D5}.SignedRelease|x86.Build.0 = Release|x86
		{DBB340F9-2386-43C2-A473-FA496CBE07A4}.Debug|Any CPU.ActiveCfg = Debug|Any CPU
		{DBB340F9-2386-43C2-A473-FA496CBE07A4}.Debug|Any CPU.Build.0 = Debug|Any CPU
		{DBB340F9-2386-43C2-A473-FA496CBE07A4}.Debug|Mixed Platforms.ActiveCfg = Debug|Any CPU
		{DBB340F9-2386-43C2-A473-FA496CBE07A4}.Debug|Mixed Platforms.Build.0 = Debug|Any CPU
		{DBB340F9-2386-43C2-A473-FA496CBE07A4}.Debug|Win32.ActiveCfg = Debug|Any CPU
		{DBB340F9-2386-43C2-A473-FA496CBE07A4}.Debug|x86.ActiveCfg = Debug|Any CPU
		{DBB340F9-2386-43C2-A473-FA496CBE07A4}.Release (StyleCop)|Any CPU.ActiveCfg = Release (StyleCop)|Any CPU
		{DBB340F9-2386-43C2-A473-FA496CBE07A4}.Release (StyleCop)|Any CPU.Build.0 = Release (StyleCop)|Any CPU
		{DBB340F9-2386-43C2-A473-FA496CBE07A4}.Release (StyleCop)|Mixed Platforms.ActiveCfg = Release (StyleCop)|Any CPU
		{DBB340F9-2386-43C2-A473-FA496CBE07A4}.Release (StyleCop)|Mixed Platforms.Build.0 = Release (StyleCop)|Any CPU
		{DBB340F9-2386-43C2-A473-FA496CBE07A4}.Release (StyleCop)|Win32.ActiveCfg = Release (StyleCop)|Any CPU
		{DBB340F9-2386-43C2-A473-FA496CBE07A4}.Release (StyleCop)|x86.ActiveCfg = Release (StyleCop)|Any CPU
		{DBB340F9-2386-43C2-A473-FA496CBE07A4}.Release|Any CPU.ActiveCfg = Release|Any CPU
		{DBB340F9-2386-43C2-A473-FA496CBE07A4}.Release|Any CPU.Build.0 = Release|Any CPU
		{DBB340F9-2386-43C2-A473-FA496CBE07A4}.Release|Mixed Platforms.ActiveCfg = Release|Any CPU
		{DBB340F9-2386-43C2-A473-FA496CBE07A4}.Release|Mixed Platforms.Build.0 = Release|Any CPU
		{DBB340F9-2386-43C2-A473-FA496CBE07A4}.Release|Win32.ActiveCfg = Release|Any CPU
		{DBB340F9-2386-43C2-A473-FA496CBE07A4}.Release|x86.ActiveCfg = Release|Any CPU
		{DBB340F9-2386-43C2-A473-FA496CBE07A4}.SignedRelease|Any CPU.ActiveCfg = SignedRelease|Any CPU
		{DBB340F9-2386-43C2-A473-FA496CBE07A4}.SignedRelease|Any CPU.Build.0 = SignedRelease|Any CPU
		{DBB340F9-2386-43C2-A473-FA496CBE07A4}.SignedRelease|Mixed Platforms.ActiveCfg = SignedRelease|Any CPU
		{DBB340F9-2386-43C2-A473-FA496CBE07A4}.SignedRelease|Mixed Platforms.Build.0 = SignedRelease|Any CPU
		{DBB340F9-2386-43C2-A473-FA496CBE07A4}.SignedRelease|Win32.ActiveCfg = SignedRelease|Any CPU
		{DBB340F9-2386-43C2-A473-FA496CBE07A4}.SignedRelease|x86.ActiveCfg = SignedRelease|Any CPU
		{DBD6BC82-B534-4688-B8B0-D881B152E435}.Debug|Any CPU.ActiveCfg = Debug|Any CPU
		{DBD6BC82-B534-4688-B8B0-D881B152E435}.Debug|Any CPU.Build.0 = Debug|Any CPU
		{DBD6BC82-B534-4688-B8B0-D881B152E435}.Debug|Mixed Platforms.ActiveCfg = Debug|Any CPU
		{DBD6BC82-B534-4688-B8B0-D881B152E435}.Debug|Mixed Platforms.Build.0 = Debug|Any CPU
		{DBD6BC82-B534-4688-B8B0-D881B152E435}.Debug|Win32.ActiveCfg = Debug|Any CPU
		{DBD6BC82-B534-4688-B8B0-D881B152E435}.Debug|x86.ActiveCfg = Debug|Any CPU
		{DBD6BC82-B534-4688-B8B0-D881B152E435}.Release (StyleCop)|Any CPU.ActiveCfg = Release|Any CPU
		{DBD6BC82-B534-4688-B8B0-D881B152E435}.Release (StyleCop)|Any CPU.Build.0 = Release|Any CPU
		{DBD6BC82-B534-4688-B8B0-D881B152E435}.Release (StyleCop)|Mixed Platforms.ActiveCfg = Release|Any CPU
		{DBD6BC82-B534-4688-B8B0-D881B152E435}.Release (StyleCop)|Mixed Platforms.Build.0 = Release|Any CPU
		{DBD6BC82-B534-4688-B8B0-D881B152E435}.Release (StyleCop)|Win32.ActiveCfg = Release|Any CPU
		{DBD6BC82-B534-4688-B8B0-D881B152E435}.Release (StyleCop)|x86.ActiveCfg = Release|Any CPU
		{DBD6BC82-B534-4688-B8B0-D881B152E435}.Release|Any CPU.ActiveCfg = Release|Any CPU
		{DBD6BC82-B534-4688-B8B0-D881B152E435}.Release|Any CPU.Build.0 = Release|Any CPU
		{DBD6BC82-B534-4688-B8B0-D881B152E435}.Release|Mixed Platforms.ActiveCfg = Release|Any CPU
		{DBD6BC82-B534-4688-B8B0-D881B152E435}.Release|Mixed Platforms.Build.0 = Release|Any CPU
		{DBD6BC82-B534-4688-B8B0-D881B152E435}.Release|Win32.ActiveCfg = Release|Any CPU
		{DBD6BC82-B534-4688-B8B0-D881B152E435}.Release|x86.ActiveCfg = Release|Any CPU
		{DBD6BC82-B534-4688-B8B0-D881B152E435}.SignedRelease|Any CPU.ActiveCfg = Release|Any CPU
		{DBD6BC82-B534-4688-B8B0-D881B152E435}.SignedRelease|Any CPU.Build.0 = Release|Any CPU
		{DBD6BC82-B534-4688-B8B0-D881B152E435}.SignedRelease|Mixed Platforms.ActiveCfg = Release|Any CPU
		{DBD6BC82-B534-4688-B8B0-D881B152E435}.SignedRelease|Mixed Platforms.Build.0 = Release|Any CPU
		{DBD6BC82-B534-4688-B8B0-D881B152E435}.SignedRelease|Win32.ActiveCfg = Release|Any CPU
		{DBD6BC82-B534-4688-B8B0-D881B152E435}.SignedRelease|x86.ActiveCfg = Release|Any CPU
		{E986206D-95AC-45AC-9B84-A8184E781ACB}.Debug|Any CPU.ActiveCfg = Debug|Any CPU
		{E986206D-95AC-45AC-9B84-A8184E781ACB}.Debug|Any CPU.Build.0 = Debug|Any CPU
		{E986206D-95AC-45AC-9B84-A8184E781ACB}.Debug|Mixed Platforms.ActiveCfg = Debug|Any CPU
		{E986206D-95AC-45AC-9B84-A8184E781ACB}.Debug|Mixed Platforms.Build.0 = Debug|Any CPU
		{E986206D-95AC-45AC-9B84-A8184E781ACB}.Debug|Win32.ActiveCfg = Debug|Any CPU
		{E986206D-95AC-45AC-9B84-A8184E781ACB}.Debug|x86.ActiveCfg = Debug|Any CPU
		{E986206D-95AC-45AC-9B84-A8184E781ACB}.Release (StyleCop)|Any CPU.ActiveCfg = Release|Any CPU
		{E986206D-95AC-45AC-9B84-A8184E781ACB}.Release (StyleCop)|Any CPU.Build.0 = Release|Any CPU
		{E986206D-95AC-45AC-9B84-A8184E781ACB}.Release (StyleCop)|Mixed Platforms.ActiveCfg = Release|Any CPU
		{E986206D-95AC-45AC-9B84-A8184E781ACB}.Release (StyleCop)|Mixed Platforms.Build.0 = Release|Any CPU
		{E986206D-95AC-45AC-9B84-A8184E781ACB}.Release (StyleCop)|Win32.ActiveCfg = Release|Any CPU
		{E986206D-95AC-45AC-9B84-A8184E781ACB}.Release (StyleCop)|x86.ActiveCfg = Release|Any CPU
		{E986206D-95AC-45AC-9B84-A8184E781ACB}.Release|Any CPU.ActiveCfg = Release|Any CPU
		{E986206D-95AC-45AC-9B84-A8184E781ACB}.Release|Any CPU.Build.0 = Release|Any CPU
		{E986206D-95AC-45AC-9B84-A8184E781ACB}.Release|Mixed Platforms.ActiveCfg = Release|Any CPU
		{E986206D-95AC-45AC-9B84-A8184E781ACB}.Release|Mixed Platforms.Build.0 = Release|Any CPU
		{E986206D-95AC-45AC-9B84-A8184E781ACB}.Release|Win32.ActiveCfg = Release|Any CPU
		{E986206D-95AC-45AC-9B84-A8184E781ACB}.Release|x86.ActiveCfg = Release|Any CPU
		{E986206D-95AC-45AC-9B84-A8184E781ACB}.SignedRelease|Any CPU.ActiveCfg = Release|Any CPU
		{E986206D-95AC-45AC-9B84-A8184E781ACB}.SignedRelease|Any CPU.Build.0 = Release|Any CPU
		{E986206D-95AC-45AC-9B84-A8184E781ACB}.SignedRelease|Mixed Platforms.ActiveCfg = Release|Any CPU
		{E986206D-95AC-45AC-9B84-A8184E781ACB}.SignedRelease|Mixed Platforms.Build.0 = Release|Any CPU
		{E986206D-95AC-45AC-9B84-A8184E781ACB}.SignedRelease|Win32.ActiveCfg = Release|Any CPU
		{E986206D-95AC-45AC-9B84-A8184E781ACB}.SignedRelease|x86.ActiveCfg = Release|Any CPU
		{10A689CF-76A2-4A4F-96E4-553C33398438}.Debug|Any CPU.ActiveCfg = Debug|Any CPU
		{10A689CF-76A2-4A4F-96E4-553C33398438}.Debug|Any CPU.Build.0 = Debug|Any CPU
		{10A689CF-76A2-4A4F-96E4-553C33398438}.Debug|Mixed Platforms.ActiveCfg = Debug|Any CPU
		{10A689CF-76A2-4A4F-96E4-553C33398438}.Debug|Mixed Platforms.Build.0 = Debug|Any CPU
		{10A689CF-76A2-4A4F-96E4-553C33398438}.Debug|Win32.ActiveCfg = Debug|Any CPU
		{10A689CF-76A2-4A4F-96E4-553C33398438}.Debug|x86.ActiveCfg = Debug|Any CPU
		{10A689CF-76A2-4A4F-96E4-553C33398438}.Release (StyleCop)|Any CPU.ActiveCfg = Release|Any CPU
		{10A689CF-76A2-4A4F-96E4-553C33398438}.Release (StyleCop)|Any CPU.Build.0 = Release|Any CPU
		{10A689CF-76A2-4A4F-96E4-553C33398438}.Release (StyleCop)|Mixed Platforms.ActiveCfg = Release|Any CPU
		{10A689CF-76A2-4A4F-96E4-553C33398438}.Release (StyleCop)|Mixed Platforms.Build.0 = Release|Any CPU
		{10A689CF-76A2-4A4F-96E4-553C33398438}.Release (StyleCop)|Win32.ActiveCfg = Release|Any CPU
		{10A689CF-76A2-4A4F-96E4-553C33398438}.Release (StyleCop)|x86.ActiveCfg = Release|Any CPU
		{10A689CF-76A2-4A4F-96E4-553C33398438}.Release|Any CPU.ActiveCfg = Release|Any CPU
		{10A689CF-76A2-4A4F-96E4-553C33398438}.Release|Any CPU.Build.0 = Release|Any CPU
		{10A689CF-76A2-4A4F-96E4-553C33398438}.Release|Mixed Platforms.ActiveCfg = Release|Any CPU
		{10A689CF-76A2-4A4F-96E4-553C33398438}.Release|Mixed Platforms.Build.0 = Release|Any CPU
		{10A689CF-76A2-4A4F-96E4-553C33398438}.Release|Win32.ActiveCfg = Release|Any CPU
		{10A689CF-76A2-4A4F-96E4-553C33398438}.Release|x86.ActiveCfg = Release|Any CPU
		{10A689CF-76A2-4A4F-96E4-553C33398438}.SignedRelease|Any CPU.ActiveCfg = Release|Any CPU
		{10A689CF-76A2-4A4F-96E4-553C33398438}.SignedRelease|Any CPU.Build.0 = Release|Any CPU
		{10A689CF-76A2-4A4F-96E4-553C33398438}.SignedRelease|Mixed Platforms.ActiveCfg = Release|Any CPU
		{10A689CF-76A2-4A4F-96E4-553C33398438}.SignedRelease|Mixed Platforms.Build.0 = Release|Any CPU
		{10A689CF-76A2-4A4F-96E4-553C33398438}.SignedRelease|Win32.ActiveCfg = Release|Any CPU
		{10A689CF-76A2-4A4F-96E4-553C33398438}.SignedRelease|x86.ActiveCfg = Release|Any CPU
	EndGlobalSection
	GlobalSection(SolutionProperties) = preSolution
		HideSolutionNode = FALSE
	EndGlobalSection
EndGlobal
